{
  "name": "trompt-test-consumer",
  "version": "1.0.0",
  "lockfileVersion": 3,
  "requires": true,
  "packages": {
    "": {
      "name": "trompt-test-consumer",
      "version": "1.0.0",
      "dependencies": {
        "trompt": "file:.."
      }
    },
    "node_modules/trompt": {
      "name": "trompt-test-consumer",
      "version": "1.0.0",
      "resolved": "file:",
      "dependencies": {
        "trompt": "file:."
      }
    }
  }
}
